{
  "name": "extract-data",
  "version": "1.6.0",
  "lockfileVersion": 1,
  "requires": true,
  "dependencies": {
    "@pdulvp/fsh": {
      "version": "1.1.2",
      "resolved": "https://npm.pkg.github.com/download/@pdulvp/fsh/1.1.2/babd8f999e82dd0c8eb3285b778724ecb1c7b5e329d54d2fcd79781651e4b6e3",
      "integrity": "sha512-mKgH1zARx0bvh63ltlA75rduhS4BSkBFhasR44VG0eb9lZYYuYB1mrxEZIAiKZksAYm78moTh4xgiaZfHlDYLw=="
    }
  }
}
